
Microsoft Visual Studio Solution File, Format Version 12.00
# Visual Studio Version 16
VisualStudioVersion = 16.0.34301.259
MinimumVisualStudioVersion = 10.0.40219.1
Project("{FAE04EC0-301F-11D3-BF4B-00C04F79EFBC}") = "DoTheNhuan_2021600381", "DoTheNhuan_2021600381\DoTheNhuan_2021600381.csproj", "{FCDAE056-0F52-4331-A4D2-E81AE8869A2A}"
EndProject
Project("{FAE04EC0-301F-11D3-BF4B-00C04F79EFBC}") = "DoTheNhuan_2021600381_call", "DoTheNhuan_2021600381_call\DoTheNhuan_2021600381_call.csproj", "{356DD2A2-E754-4A42-B031-F68FFF6FA936}"
EndProject
Global
	GlobalSection(SolutionConfigurationPlatforms) = preSolution
		Debug|Any CPU = Debug|Any CPU
		Release|Any CPU = Release|Any CPU
	EndGlobalSection
	GlobalSection(ProjectConfigurationPlatforms) = postSolution
		{FCDAE056-0F52-4331-A4D2-E81AE8869A2A}.Debug|Any CPU.ActiveCfg = Debug|Any CPU
		{FCDAE056-0F52-4331-A4D2-E81AE8869A2A}.Debug|Any CPU.Build.0 = Debug|Any CPU
		{FCDAE056-0F52-4331-A4D2-E81AE8869A2A}.Release|Any CPU.ActiveCfg = Release|Any CPU
		{FCDAE056-0F52-4331-A4D2-E81AE8869A2A}.Release|Any CPU.Build.0 = Release|Any CPU
		{356DD2A2-E754-4A42-B031-F68FFF6FA936}.Debug|Any CPU.ActiveCfg = Debug|Any CPU
		{356DD2A2-E754-4A42-B031-F68FFF6FA936}.Debug|Any CPU.Build.0 = Debug|Any CPU
		{356DD2A2-E754-4A42-B031-F68FFF6FA936}.Release|Any CPU.ActiveCfg = Release|Any CPU
		{356DD2A2-E754-4A42-B031-F68FFF6FA936}.Release|Any CPU.Build.0 = Release|Any CPU
	EndGlobalSection
	GlobalSection(SolutionProperties) = preSolution
		HideSolutionNode = FALSE
	EndGlobalSection
	GlobalSection(ExtensibilityGlobals) = postSolution
		SolutionGuid = {7374C19E-2E2F-479D-BFBD-4CD74FCD9BA5}
	EndGlobalSection
EndGlobal
