
Microsoft Visual Studio Solution File, Format Version 12.00
# Visual Studio Version 16
VisualStudioVersion = 16.0.34301.259
MinimumVisualStudioVersion = 10.0.40219.1
Project("{FAE04EC0-301F-11D3-BF4B-00C04F79EFBC}") = "DoTheNhuan_2021600381", "DoTheNhuan_2021600381.csproj", "{80A388ED-B4AE-4FF8-BB93-D87E08840E75}"
EndProject
Global
	GlobalSection(SolutionConfigurationPlatforms) = preSolution
		Debug|Any CPU = Debug|Any CPU
		Release|Any CPU = Release|Any CPU
	EndGlobalSection
	GlobalSection(ProjectConfigurationPlatforms) = postSolution
		{80A388ED-B4AE-4FF8-BB93-D87E08840E75}.Debug|Any CPU.ActiveCfg = Debug|Any CPU
		{80A388ED-B4AE-4FF8-BB93-D87E08840E75}.Debug|Any CPU.Build.0 = Debug|Any CPU
		{80A388ED-B4AE-4FF8-BB93-D87E08840E75}.Release|Any CPU.ActiveCfg = Release|Any CPU
		{80A388ED-B4AE-4FF8-BB93-D87E08840E75}.Release|Any CPU.Build.0 = Release|Any CPU
	EndGlobalSection
	GlobalSection(SolutionProperties) = preSolution
		HideSolutionNode = FALSE
	EndGlobalSection
	GlobalSection(ExtensibilityGlobals) = postSolution
		SolutionGuid = {503445B9-4409-43F3-9CFD-BCA06F6AE2B1}
	EndGlobalSection
EndGlobal
