
Microsoft Visual Studio Solution File, Format Version 12.00
# Visual Studio Version 16
VisualStudioVersion = 16.0.32802.440
MinimumVisualStudioVersion = 10.0.40219.1
Project("{FAE04EC0-301F-11D3-BF4B-00C04F79EFBC}") = "Bai13", "Bai13.csproj", "{61F26800-582C-4135-B290-8917462F1F39}"
EndProject
Global
	GlobalSection(SolutionConfigurationPlatforms) = preSolution
		Debug|Any CPU = Debug|Any CPU
		Release|Any CPU = Release|Any CPU
	EndGlobalSection
	GlobalSection(ProjectConfigurationPlatforms) = postSolution
		{61F26800-582C-4135-B290-8917462F1F39}.Debug|Any CPU.ActiveCfg = Debug|Any CPU
		{61F26800-582C-4135-B290-8917462F1F39}.Debug|Any CPU.Build.0 = Debug|Any CPU
		{61F26800-582C-4135-B290-8917462F1F39}.Release|Any CPU.ActiveCfg = Release|Any CPU
		{61F26800-582C-4135-B290-8917462F1F39}.Release|Any CPU.Build.0 = Release|Any CPU
	EndGlobalSection
	GlobalSection(SolutionProperties) = preSolution
		HideSolutionNode = FALSE
	EndGlobalSection
	GlobalSection(ExtensibilityGlobals) = postSolution
		SolutionGuid = {82728170-CE42-4D0E-96E6-9E794BE2466C}
	EndGlobalSection
EndGlobal
