
Microsoft Visual Studio Solution File, Format Version 12.00
# Visual Studio Version 16
VisualStudioVersion = 16.0.34301.259
MinimumVisualStudioVersion = 10.0.40219.1
Project("{FAE04EC0-301F-11D3-BF4B-00C04F79EFBC}") = "Example", "Example.csproj", "{B534EDF9-8D36-47F2-996D-433A88CD1CCB}"
EndProject
Global
	GlobalSection(SolutionConfigurationPlatforms) = preSolution
		Debug|Any CPU = Debug|Any CPU
		Release|Any CPU = Release|Any CPU
	EndGlobalSection
	GlobalSection(ProjectConfigurationPlatforms) = postSolution
		{B534EDF9-8D36-47F2-996D-433A88CD1CCB}.Debug|Any CPU.ActiveCfg = Debug|Any CPU
		{B534EDF9-8D36-47F2-996D-433A88CD1CCB}.Debug|Any CPU.Build.0 = Debug|Any CPU
		{B534EDF9-8D36-47F2-996D-433A88CD1CCB}.Release|Any CPU.ActiveCfg = Release|Any CPU
		{B534EDF9-8D36-47F2-996D-433A88CD1CCB}.Release|Any CPU.Build.0 = Release|Any CPU
	EndGlobalSection
	GlobalSection(SolutionProperties) = preSolution
		HideSolutionNode = FALSE
	EndGlobalSection
	GlobalSection(ExtensibilityGlobals) = postSolution
		SolutionGuid = {25680494-9EA7-427B-9F94-30554BE664BD}
	EndGlobalSection
EndGlobal
